
Microsoft Visual Studio Solution File, Format Version 12.00
# Visual Studio Version 17
VisualStudioVersion = 17.11.35312.102
MinimumVisualStudioVersion = 10.0.40219.1
Project("{FAE04EC0-301F-11D3-BF4B-00C04F79EFBC}") = "MauiFirebaseApp", "MauiFirebaseApp\MauiFirebaseApp.csproj", "{27586DD7-22FA-4225-A76A-6AE1477E9E5A}"
EndProject
Global
	GlobalSection(SolutionConfigurationPlatforms) = preSolution
		Debug|Any CPU = Debug|Any CPU
		Release|Any CPU = Release|Any CPU
	EndGlobalSection
	GlobalSection(ProjectConfigurationPlatforms) = postSolution
		{27586DD7-22FA-4225-A76A-6AE1477E9E5A}.Debug|Any CPU.ActiveCfg = Debug|Any CPU
		{27586DD7-22FA-4225-A76A-6AE1477E9E5A}.Debug|Any CPU.Build.0 = Debug|Any CPU
		{27586DD7-22FA-4225-A76A-6AE1477E9E5A}.Debug|Any CPU.Deploy.0 = Debug|Any CPU
		{27586DD7-22FA-4225-A76A-6AE1477E9E5A}.Release|Any CPU.ActiveCfg = Release|Any CPU
		{27586DD7-22FA-4225-A76A-6AE1477E9E5A}.Release|Any CPU.Build.0 = Release|Any CPU
		{27586DD7-22FA-4225-A76A-6AE1477E9E5A}.Release|Any CPU.Deploy.0 = Release|Any CPU
	EndGlobalSection
	GlobalSection(SolutionProperties) = preSolution
		HideSolutionNode = FALSE
	EndGlobalSection
	GlobalSection(ExtensibilityGlobals) = postSolution
		SolutionGuid = {1DABB524-FF1F-478F-9FCA-544F96DC5C1C}
	EndGlobalSection
EndGlobal
